
Microsoft Visual Studio Solution File, Format Version 12.00
# Visual Studio Version 17
VisualStudioVersion = 17.9.34607.119
MinimumVisualStudioVersion = 10.0.40219.1
Project("{FAE04EC0-301F-11D3-BF4B-00C04F79EFBC}") = "PhoneNumberExcercise", "PhoneNumberExcercise\PhoneNumberExcercise.csproj", "{D916B1DA-2491-483E-AB8E-7051720026A1}"
EndProject
Global
	GlobalSection(SolutionConfigurationPlatforms) = preSolution
		Debug|Any CPU = Debug|Any CPU
		Release|Any CPU = Release|Any CPU
	EndGlobalSection
	GlobalSection(ProjectConfigurationPlatforms) = postSolution
		{D916B1DA-2491-483E-AB8E-7051720026A1}.Debug|Any CPU.ActiveCfg = Debug|Any CPU
		{D916B1DA-2491-483E-AB8E-7051720026A1}.Debug|Any CPU.Build.0 = Debug|Any CPU
		{D916B1DA-2491-483E-AB8E-7051720026A1}.Debug|Any CPU.Deploy.0 = Debug|Any CPU
		{D916B1DA-2491-483E-AB8E-7051720026A1}.Release|Any CPU.ActiveCfg = Release|Any CPU
		{D916B1DA-2491-483E-AB8E-7051720026A1}.Release|Any CPU.Build.0 = Release|Any CPU
		{D916B1DA-2491-483E-AB8E-7051720026A1}.Release|Any CPU.Deploy.0 = Release|Any CPU
	EndGlobalSection
	GlobalSection(SolutionProperties) = preSolution
		HideSolutionNode = FALSE
	EndGlobalSection
	GlobalSection(ExtensibilityGlobals) = postSolution
		SolutionGuid = {EF1603F0-C824-4163-BD2A-7B95CB8FCEF6}
	EndGlobalSection
EndGlobal
